
Microsoft Visual Studio Solution File, Format Version 12.00
# Visual Studio Version 16
VisualStudioVersion = 16.0.31501.217
MinimumVisualStudioVersion = 10.0.40219.1
Project("{FAE04EC0-301F-11D3-BF4B-00C04F79EFBC}") = "Assignment2", "Assignment2\Assignment2.csproj", "{3C234755-141F-48EA-94F8-D521F0EDB5E1}"
EndProject
Project("{FAE04EC0-301F-11D3-BF4B-00C04F79EFBC}") = "ClassLibrary1", "ClassLibrary1\ClassLibrary1.csproj", "{5A4186D6-7582-45C9-8D02-6A8A3ED233B1}"
EndProject
Global
	GlobalSection(SolutionConfigurationPlatforms) = preSolution
		Debug|Any CPU = Debug|Any CPU
		Release|Any CPU = Release|Any CPU
	EndGlobalSection
	GlobalSection(ProjectConfigurationPlatforms) = postSolution
		{3C234755-141F-48EA-94F8-D521F0EDB5E1}.Debug|Any CPU.ActiveCfg = Debug|Any CPU
		{3C234755-141F-48EA-94F8-D521F0EDB5E1}.Debug|Any CPU.Build.0 = Debug|Any CPU
		{3C234755-141F-48EA-94F8-D521F0EDB5E1}.Release|Any CPU.ActiveCfg = Release|Any CPU
		{3C234755-141F-48EA-94F8-D521F0EDB5E1}.Release|Any CPU.Build.0 = Release|Any CPU
		{5A4186D6-7582-45C9-8D02-6A8A3ED233B1}.Debug|Any CPU.ActiveCfg = Debug|Any CPU
		{5A4186D6-7582-45C9-8D02-6A8A3ED233B1}.Debug|Any CPU.Build.0 = Debug|Any CPU
		{5A4186D6-7582-45C9-8D02-6A8A3ED233B1}.Release|Any CPU.ActiveCfg = Release|Any CPU
		{5A4186D6-7582-45C9-8D02-6A8A3ED233B1}.Release|Any CPU.Build.0 = Release|Any CPU
	EndGlobalSection
	GlobalSection(SolutionProperties) = preSolution
		HideSolutionNode = FALSE
	EndGlobalSection
	GlobalSection(ExtensibilityGlobals) = postSolution
		SolutionGuid = {6679C614-3314-4103-B4A5-6D2E8DEF9F0C}
	EndGlobalSection
EndGlobal
